{
  "version": "1",
  "sources": {
    "nixpkgs": {
      "type": "GitHub",
      "fetchType": "tarball",
      "owner": "NixOS",
      "repo": "nixpkgs",
      "branch": "nixpkgs-unstable",
      "revision": "c7def046b9a883d46974757852106483d741586f",
      "url": "https://github.com/NixOS/nixpkgs/archive/c7def046b9a883d46974757852106483d741586f.tar.gz",
      "hash": "sha256-6RSEDHIWQtesQKWSu5qRai8L2h4KgCgMEfJHstW99G4="
    }
  }
}
