{
  "version": "1",
  "sources": {
    "nixpkgs": {
      "type": "GitHub",
      "fetchType": "tarball",
      "owner": "NixOS",
      "repo": "nixpkgs",
      "branch": "nixpkgs-unstable",
      "revision": "34ca302a9572963c02e385c056be37c85ff51b77",
      "url": "https://github.com/NixOS/nixpkgs/archive/34ca302a9572963c02e385c056be37c85ff51b77.tar.gz",
      "hash": "sha256-ym4BG18Pu2awiJIehla1Lo9xiB2QYRcCzW3SB74gEBY="
    }
  }
}
