{
  "version": "1",
  "sources": {
    "nixpkgs": {
      "type": "GitHub",
      "fetchType": "tarball",
      "owner": "NixOS",
      "repo": "nixpkgs",
      "branch": "nixpkgs-unstable",
      "revision": "a8d610af3f1a5fb71e23e08434d8d61a466fc942",
      "url": "https://github.com/NixOS/nixpkgs/archive/a8d610af3f1a5fb71e23e08434d8d61a466fc942.tar.gz",
      "hash": "sha256-v5afmLjn/uyD9EQuPBn7nZuaZVV9r+JerayK/4wvdWA="
    }
  }
}
